- id: default
  type: ContainerBlock
- id: property.title
  type: ContainerBlock
  properties:
    title: Foo title
- id: property.style
  type: ContainerBlock
  properties:
    title: Red Title
    style: 
      color: red
- id: actions.onClick
  type: ContainerBlock
  properties:
    title: Click Me
  actions:
    onClick:
      - id: one
        type: Test
- id: properties.content
  type: ContainerBlock
  properties:
    content: Foo Content
- id: blocks
  type: ContainerBlock
  blocks:
    - id: one 
      type: Test
- id: areas.content
  type: ContainerBlock
  areas:
    content:
      blocks:
        - id: two 
          type: Test

