- id: default
  type: ListBlock
- id: blocks
  type: ListBlock
  blocks:
    - id: one 
      type: Test
- id: property.itemTitle
  type: ListBlock
  properties:
    itemTitle: Foo Item Title
  blocks:
    - id: one 
      type: Test
- id: areas.content
  type: ListBlock
  areas:
    content:
      blocks:
        - id: two 
          type: Test
        - id: two 
          type: Test

